Microsoft Visual Studio Solution File, Format Version 12.00
# Visual Studio Version 17
VisualStudioVersion = 17.5.2.0
MinimumVisualStudioVersion = 10.0.40219.1
Project("{FAE04EC0-301F-11D3-BF4B-00C04F79EFBC}") = "ResizeFunction", "ResizeFunction\ResizeFunction.csproj", "{C83E1803-99C0-DC10-7E12-8D879F116117}"
EndProject
Global
	GlobalSection(SolutionConfigurationPlatforms) = preSolution
		Debug|Any CPU = Debug|Any CPU
		Release|Any CPU = Release|Any CPU
	EndGlobalSection
	GlobalSection(ProjectConfigurationPlatforms) = postSolution
		{C83E1803-99C0-DC10-7E12-8D879F116117}.Debug|Any CPU.ActiveCfg = Debug|Any CPU
		{C83E1803-99C0-DC10-7E12-8D879F116117}.Debug|Any CPU.Build.0 = Debug|Any CPU
		{C83E1803-99C0-DC10-7E12-8D879F116117}.Release|Any CPU.ActiveCfg = Release|Any CPU
		{C83E1803-99C0-DC10-7E12-8D879F116117}.Release|Any CPU.Build.0 = Release|Any CPU
	EndGlobalSection
	GlobalSection(SolutionProperties) = preSolution
		HideSolutionNode = FALSE
	EndGlobalSection
	GlobalSection(ExtensibilityGlobals) = postSolution
		SolutionGuid = {C62BB6AB-07C1-469E-A17D-030A04766726}
	EndGlobalSection
EndGlobal
